
Microsoft Visual Studio Solution File, Format Version 12.00
# Visual Studio Version 16
VisualStudioVersion = 16.0.29806.167
MinimumVisualStudioVersion = 10.0.40219.1
Project("{FAE04EC0-301F-11D3-BF4B-00C04F79EFBC}") = "biblioteka", "biblioteka\biblioteka.csproj", "{F96217DC-CBB4-40CA-B074-06E1E08CA348}"
EndProject
Global
	GlobalSection(SolutionConfigurationPlatforms) = preSolution
		Debug|Any CPU = Debug|Any CPU
		Release|Any CPU = Release|Any CPU
	EndGlobalSection
	GlobalSection(ProjectConfigurationPlatforms) = postSolution
		{F96217DC-CBB4-40CA-B074-06E1E08CA348}.Debug|Any CPU.ActiveCfg = Debug|Any CPU
		{F96217DC-CBB4-40CA-B074-06E1E08CA348}.Debug|Any CPU.Build.0 = Debug|Any CPU
		{F96217DC-CBB4-40CA-B074-06E1E08CA348}.Release|Any CPU.ActiveCfg = Release|Any CPU
		{F96217DC-CBB4-40CA-B074-06E1E08CA348}.Release|Any CPU.Build.0 = Release|Any CPU
	EndGlobalSection
	GlobalSection(SolutionProperties) = preSolution
		HideSolutionNode = FALSE
	EndGlobalSection
	GlobalSection(ExtensibilityGlobals) = postSolution
		SolutionGuid = {25F34082-8526-40E2-83A6-55037B4CD531}
	EndGlobalSection
EndGlobal
